github.com/coregx/ahocorasick v0.2.1 h1:JsZ5Rb32/SzGiGBl3vIwA8DAnY0+E6BLBhj+4HZsAbo=
github.com/coregx/ahocorasick v0.2.1/go.mod h1:SDcS9KTiwLP8FHNpYSO3Q3mRqrK8SYJAYpygrhcIils=
github.com/coregx/coregex v0.12.21 h1:U0xmOSVoW1d32qXEGfhtzMZs1YRUu2tCfD+93B6QAYo=
github.com/coregx/coregex v0.12.21/go.mod h1:dsQgGpWvPcDeywbz/BK/YYyRcGhlMoXoCdlOWNqCR6Q=
github.com/pelletier/go-toml/v2 v2.0.9 h1:uH2qQXheeefCCkuBBSLi7jCiSmj3VRh2+Goq2N7Xxu0=
github.com/pelletier/go-toml/v2 v2.0.9/go.mod h1:tJU2Z3ZkXwnxa4DPO899bsyIoywizdUvyaeZurnPPDc=
github.com/peterbourgon/ff/v4 v4.0.0-beta.1 h1:hV8qRu3V7YfiSMsBSfPfdcznAvPQd3jI5zDddSrDoUc=
github.com/peterbourgon/ff/v4 v4.0.0-beta.1/go.mod h1:onQJUKipvCyFmZ1rIYwFAh1BhPOvftb1uhvSI7krNLc=
github.com/sethvargo/go-retry v0.3.0 h1:EEt31A35QhrcRZtrYFDTBg91cqZVnFL2navjDrah2SE=
github.com/sethvargo/go-retry v0.3.0/go.mod h1:mNX17F0C/HguQMyMyJxcnU471gOZGxCLyYaFyAZraas=
golang.org/x/sys v0.42.0 h1:omrd2nAlyT5ESRdCLYdm3+fMfNFE/+Rf4bDIQImRJeo=
golang.org/x/sys v0.42.0/go.mod h1:4GL1E5IUh+htKOUEOaiffhrAeqysfVGipDYzABqnCmw=
gopkg.in/yaml.v2 v2.4.0 h1:D8xgwECY7CYvx+Y2n4sBz93Jn9JRvxdiyyo8CTfuKaY=
gopkg.in/yaml.v2 v2.4.0/go.mod h1:RDklbk79AGWmwhnvt/jBztapEOGDOx6ZbXqjP6csGnQ=
